schema: '2.0'
stages:
  data_ingestion:
    cmd: python src/data/data_ingestion.py
    deps:
    - path: src/data/data_ingestion.py
      hash: md5
      md5: d90279aed14050b38a4bbb43d00ba69c
      size: 3107
    params:
      params.yaml:
        data_ingestion.test_size: 0.2
    outs:
    - path: data/raw
      hash: md5
      md5: b855e2bab4e21078d44844fee5be9da3.dir
      size: 6882906
      nfiles: 2
  data_preprocessing:
    cmd: python src/data/data_preprocessing.py
    deps:
    - path: data/raw/test.csv
      hash: md5
      md5: 295b88d81555e67a857db0337244e118
      size: 1341252
    - path: data/raw/train.csv
      hash: md5
      md5: 70faef66e6135c49f7f02db4a55e9fdd
      size: 5541654
    - path: src/data/data_preprocessing.py
      hash: md5
      md5: fdb32ad56cd5b5e33df9aba1fc284130
      size: 3149
    outs:
    - path: data/interim
      hash: md5
      md5: a2bbccdc23dd271231099f8d5c99ff87.dir
      size: 5098055
      nfiles: 2
  model_building:
    cmd: python src/model/model_building.py
    deps:
    - path: data/interim/train_processed.csv
      hash: md5
      md5: 86284f4698366b0f2ee05c211c0e9453
      size: 4104889
    - path: src/model/model_building.py
      hash: md5
      md5: a6450715e94d1130ce5ac3ef745a9db6
      size: 4480
    params:
      params.yaml:
        model_building.learning_rate: 0.08
        model_building.max_depth: 20
        model_building.max_features: 10000
        model_building.n_estimators: 367
        model_building.ngram_range:
        - 1
        - 3
    outs:
    - path: lgbm_model.pkl
      hash: md5
      md5: a1297d412123eafd23030a426bb09a67
      size: 4106902
    - path: tfidf_vectorizer.pkl
      hash: md5
      md5: ab36c4565bc7d35263e6d23aee0122b2
      size: 384115
  model_evaluation:
    cmd: python src/model/model_evaluation.py
    deps:
    - path: data/interim/test_processed.csv
      hash: md5
      md5: 5b260b8114240fb9c541c0d07b150b14
      size: 993166
    - path: data/interim/train_processed.csv
      hash: md5
      md5: 86284f4698366b0f2ee05c211c0e9453
      size: 4104889
    - path: lgbm_model.pkl
      hash: md5
      md5: a1297d412123eafd23030a426bb09a67
      size: 4106902
    - path: src/model/model_evaluation.py
      hash: md5
      md5: aeb1ad1d89fcb06e86e6b8d93063f319
      size: 6755
    - path: tfidf_vectorizer.pkl
      hash: md5
      md5: ab36c4565bc7d35263e6d23aee0122b2
      size: 384115
    outs:
    - path: experiment_info.json
      hash: md5
      md5: 3b17f9ca225aecbf3d965b7ec9eb39c3
      size: 84
  model_registration:
    cmd: python src/model/register_model.py
    deps:
    - path: experiment_info.json
      hash: md5
      md5: 3b17f9ca225aecbf3d965b7ec9eb39c3
      size: 84
    - path: src/model/register_model.py
      hash: md5
      md5: 67f15bdb197afe6aca5de228e3d574d9
      size: 2062
